
Microsoft Visual Studio Solution File, Format Version 12.00
# Visual Studio Version 17
VisualStudioVersion = 17.3.32922.545
MinimumVisualStudioVersion = 10.0.40219.1
Project("{FAE04EC0-301F-11D3-BF4B-00C04F79EFBC}") = "MultilingualExtensionSampleUWP", "MultilingualExtensionSampleUWP.csproj", "{D771AB0B-3FCC-41A3-9728-24CFC2647CB9}"
EndProject
Project("{2150E333-8FDC-42A3-9474-1A3956D46DE8}") = "Solution Items", "Solution Items", "{AFCC64CC-CE2F-4707-A9CA-9500AD0BA3CE}"
	ProjectSection(SolutionItems) = preProject
		MultiLingualExtensionSettings.json = MultiLingualExtensionSettings.json
	EndProjectSection
EndProject
Global
	GlobalSection(SolutionConfigurationPlatforms) = preSolution
		Debug|ARM = Debug|ARM
		Debug|ARM64 = Debug|ARM64
		Debug|x64 = Debug|x64
		Debug|x86 = Debug|x86
		Release|ARM = Release|ARM
		Release|ARM64 = Release|ARM64
		Release|x64 = Release|x64
		Release|x86 = Release|x86
	EndGlobalSection
	GlobalSection(ProjectConfigurationPlatforms) = postSolution
		{D771AB0B-3FCC-41A3-9728-24CFC2647CB9}.Debug|ARM.ActiveCfg = Debug|ARM
		{D771AB0B-3FCC-41A3-9728-24CFC2647CB9}.Debug|ARM.Build.0 = Debug|ARM
		{D771AB0B-3FCC-41A3-9728-24CFC2647CB9}.Debug|ARM.Deploy.0 = Debug|ARM
		{D771AB0B-3FCC-41A3-9728-24CFC2647CB9}.Debug|ARM64.ActiveCfg = Debug|ARM64
		{D771AB0B-3FCC-41A3-9728-24CFC2647CB9}.Debug|ARM64.Build.0 = Debug|ARM64
		{D771AB0B-3FCC-41A3-9728-24CFC2647CB9}.Debug|ARM64.Deploy.0 = Debug|ARM64
		{D771AB0B-3FCC-41A3-9728-24CFC2647CB9}.Debug|x64.ActiveCfg = Debug|x64
		{D771AB0B-3FCC-41A3-9728-24CFC2647CB9}.Debug|x64.Build.0 = Debug|x64
		{D771AB0B-3FCC-41A3-9728-24CFC2647CB9}.Debug|x64.Deploy.0 = Debug|x64
		{D771AB0B-3FCC-41A3-9728-24CFC2647CB9}.Debug|x86.ActiveCfg = Debug|x86
		{D771AB0B-3FCC-41A3-9728-24CFC2647CB9}.Debug|x86.Build.0 = Debug|x86
		{D771AB0B-3FCC-41A3-9728-24CFC2647CB9}.Debug|x86.Deploy.0 = Debug|x86
		{D771AB0B-3FCC-41A3-9728-24CFC2647CB9}.Release|ARM.ActiveCfg = Release|ARM
		{D771AB0B-3FCC-41A3-9728-24CFC2647CB9}.Release|ARM.Build.0 = Release|ARM
		{D771AB0B-3FCC-41A3-9728-24CFC2647CB9}.Release|ARM.Deploy.0 = Release|ARM
		{D771AB0B-3FCC-41A3-9728-24CFC2647CB9}.Release|ARM64.ActiveCfg = Release|ARM64
		{D771AB0B-3FCC-41A3-9728-24CFC2647CB9}.Release|ARM64.Build.0 = Release|ARM64
		{D771AB0B-3FCC-41A3-9728-24CFC2647CB9}.Release|ARM64.Deploy.0 = Release|ARM64
		{D771AB0B-3FCC-41A3-9728-24CFC2647CB9}.Release|x64.ActiveCfg = Release|x64
		{D771AB0B-3FCC-41A3-9728-24CFC2647CB9}.Release|x64.Build.0 = Release|x64
		{D771AB0B-3FCC-41A3-9728-24CFC2647CB9}.Release|x64.Deploy.0 = Release|x64
		{D771AB0B-3FCC-41A3-9728-24CFC2647CB9}.Release|x86.ActiveCfg = Release|x86
		{D771AB0B-3FCC-41A3-9728-24CFC2647CB9}.Release|x86.Build.0 = Release|x86
		{D771AB0B-3FCC-41A3-9728-24CFC2647CB9}.Release|x86.Deploy.0 = Release|x86
	EndGlobalSection
	GlobalSection(SolutionProperties) = preSolution
		HideSolutionNode = FALSE
	EndGlobalSection
	GlobalSection(ExtensibilityGlobals) = postSolution
		SolutionGuid = {5574DF80-91D2-4CA3-8586-86A9A9E475EA}
	EndGlobalSection
EndGlobal
