
Microsoft Visual Studio Solution File, Format Version 12.00
# Visual Studio Version 16
VisualStudioVersion = 25.0.1700.0
MinimumVisualStudioVersion = 10.0.40219.1
Project("{FAE04EC0-301F-11D3-BF4B-00C04F79EFBC}") = "MultilingualExtension", "MultilingualExtension.Mac\MultilingualExtension.csproj", "{6BD226CA-EE95-4527-9A0C-913369062901}"
EndProject
Global
	GlobalSection(SolutionConfigurationPlatforms) = preSolution
		Debug|Any CPU = Debug|Any CPU
		Release|Any CPU = Release|Any CPU
	EndGlobalSection
	GlobalSection(ProjectConfigurationPlatforms) = postSolution
		{6BD226CA-EE95-4527-9A0C-913369062901}.Debug|Any CPU.ActiveCfg = Debug|Any CPU
		{6BD226CA-EE95-4527-9A0C-913369062901}.Debug|Any CPU.Build.0 = Debug|Any CPU
		{6BD226CA-EE95-4527-9A0C-913369062901}.Release|Any CPU.ActiveCfg = Release|Any CPU
		{6BD226CA-EE95-4527-9A0C-913369062901}.Release|Any CPU.Build.0 = Release|Any CPU
	EndGlobalSection
	GlobalSection(SolutionProperties) = preSolution
		HideSolutionNode = FALSE
	EndGlobalSection
	GlobalSection(ExtensibilityGlobals) = postSolution
		SolutionGuid = {9CF7FFE1-4519-4962-ADD1-8F289ACBEDAD}
	EndGlobalSection
	GlobalSection(MonoDevelopProperties) = preSolution
		Policies = $0
		$0.DotNetNamingPolicy = $1
		$1.DirectoryNamespaceAssociation = PrefixedHierarchical
		$0.TextStylePolicy = $2
		$2.inheritsSet = null
		$2.scope = application/x-addin+xml
		$0.XmlFormattingPolicy = $3
		$3.inheritsSet = null
		$3.scope = application/x-addin+xml
		$0.TextStylePolicy = $4
		$4.inheritsSet = null
		$4.scope = application/xml
		$0.XmlFormattingPolicy = $5
		$5.scope = application/xml
		$0.TextStylePolicy = $6
		$6.inheritsSet = null
		$6.scope = text/troff
	EndGlobalSection
EndGlobal
