
Microsoft Visual Studio Solution File, Format Version 12.00
# Visual Studio 15
Project("{FAE04EC0-301F-11D3-BF4B-00C04F79EFBC}") = "MultilingualExtension", "MultilingualExtension\MultilingualExtension.csproj", "{12941F4E-9D52-4825-9C8C-31294F3608CA}"
EndProject
Global
	GlobalSection(SolutionConfigurationPlatforms) = preSolution
		Debug|Any CPU = Debug|Any CPU
		Release|Any CPU = Release|Any CPU
	EndGlobalSection
	GlobalSection(ProjectConfigurationPlatforms) = postSolution
		{12941F4E-9D52-4825-9C8C-31294F3608CA}.Debug|Any CPU.ActiveCfg = Debug|Any CPU
		{12941F4E-9D52-4825-9C8C-31294F3608CA}.Debug|Any CPU.Build.0 = Debug|Any CPU
		{12941F4E-9D52-4825-9C8C-31294F3608CA}.Release|Any CPU.ActiveCfg = Release|Any CPU
		{12941F4E-9D52-4825-9C8C-31294F3608CA}.Release|Any CPU.Build.0 = Release|Any CPU
	EndGlobalSection
EndGlobal
