
Microsoft Visual Studio Solution File, Format Version 12.00
# Visual Studio Version 16
VisualStudioVersion = 25.0.1706.5
MinimumVisualStudioVersion = 10.0.40219.1
Project("{FAE04EC0-301F-11D3-BF4B-00C04F79EFBC}") = "MultilingualClient", "MultilingualClient.csproj", "{87479323-0155-44ED-AD8F-A956958D65C3}"
EndProject
Global
	GlobalSection(SolutionConfigurationPlatforms) = preSolution
		Debug|Any CPU = Debug|Any CPU
		Release|Any CPU = Release|Any CPU
	EndGlobalSection
	GlobalSection(ProjectConfigurationPlatforms) = postSolution
		{87479323-0155-44ED-AD8F-A956958D65C3}.Debug|Any CPU.ActiveCfg = Debug|Any CPU
		{87479323-0155-44ED-AD8F-A956958D65C3}.Debug|Any CPU.Build.0 = Debug|Any CPU
		{87479323-0155-44ED-AD8F-A956958D65C3}.Release|Any CPU.ActiveCfg = Release|Any CPU
		{87479323-0155-44ED-AD8F-A956958D65C3}.Release|Any CPU.Build.0 = Release|Any CPU
	EndGlobalSection
	GlobalSection(SolutionProperties) = preSolution
		HideSolutionNode = FALSE
	EndGlobalSection
	GlobalSection(ExtensibilityGlobals) = postSolution
		SolutionGuid = {A9FC5423-8C50-4CF1-92EB-57C4754DA14E}
	EndGlobalSection
EndGlobal
